
Microsoft Visual Studio Solution File, Format Version 12.00
# Visual Studio Version 16
VisualStudioVersion = 16.0.30114.105
MinimumVisualStudioVersion = 10.0.40219.1
Project("{FAE04EC0-301F-11D3-BF4B-00C04F79EFBC}") = "ManleyAutomationScript", "ManleyAutomationScript\ManleyAutomationScript.csproj", "{4E77DD6E-E86B-46CB-B086-2F804CB64756}"
EndProject
Project("{FAE04EC0-301F-11D3-BF4B-00C04F79EFBC}") = "ManleyAutomationScriptTest", "ManleyAutomationScriptTest\ManleyAutomationScriptTest.csproj", "{B26E8C70-C29B-4A10-8F0B-A1E693A82C29}"
EndProject
Global
	GlobalSection(SolutionConfigurationPlatforms) = preSolution
		Debug|Any CPU = Debug|Any CPU
		Release|Any CPU = Release|Any CPU
	EndGlobalSection
	GlobalSection(SolutionProperties) = preSolution
		HideSolutionNode = FALSE
	EndGlobalSection
	GlobalSection(ProjectConfigurationPlatforms) = postSolution
		{4E77DD6E-E86B-46CB-B086-2F804CB64756}.Debug|Any CPU.ActiveCfg = Debug|Any CPU
		{4E77DD6E-E86B-46CB-B086-2F804CB64756}.Debug|Any CPU.Build.0 = Debug|Any CPU
		{4E77DD6E-E86B-46CB-B086-2F804CB64756}.Release|Any CPU.ActiveCfg = Release|Any CPU
		{4E77DD6E-E86B-46CB-B086-2F804CB64756}.Release|Any CPU.Build.0 = Release|Any CPU
		{B26E8C70-C29B-4A10-8F0B-A1E693A82C29}.Debug|Any CPU.ActiveCfg = Debug|Any CPU
		{B26E8C70-C29B-4A10-8F0B-A1E693A82C29}.Debug|Any CPU.Build.0 = Debug|Any CPU
		{B26E8C70-C29B-4A10-8F0B-A1E693A82C29}.Release|Any CPU.ActiveCfg = Release|Any CPU
		{B26E8C70-C29B-4A10-8F0B-A1E693A82C29}.Release|Any CPU.Build.0 = Release|Any CPU
	EndGlobalSection
EndGlobal
